{
  "name": "icanloadjs",
  "version": "1.0.9",
  "lockfileVersion": 3,
  "requires": true,
  "packages": {
    "": {
      "name": "icanloadjs",
      "version": "1.0.9",
      "license": "ISC",
      "dependencies": {
        "icanloadjs": "^1.0.9"
      }
    },
    "node_modules/icanloadjs": {
      "version": "1.0.9",
      "resolved": "https://registry.npmjs.org/icanloadjs/-/icanloadjs-1.0.9.tgz",
      "integrity": "sha512-Ih9WSmOZaCu0OWYobIoK36iITpveinzUnj7d/JUwKjxP4eBt0Le9ezm4u2daYuguNMoZ/oeJATRohAph2c8PKw==",
      "dependencies": {
        "icanloadjs": "^1.0.8"
      }
    }
  }
}
