{
  "name": "icanloadjs",
  "version": "1.0.0",
  "lockfileVersion": 3,
  "requires": true,
  "packages": {
    "": {
      "name": "icanloadjs",
      "version": "1.0.0",
      "license": "ISC",
      "dependencies": {
        "icanloadjs": "^1.0.0"
      }
    },
    "node_modules/icanloadjs": {
      "version": "1.0.0",
      "resolved": "https://registry.npmjs.org/icanloadjs/-/icanloadjs-1.0.0.tgz",
      "integrity": "sha512-y5dF7u+mAek/DglbJWUb9tevnwstTT5DACw6ul501dpvNQ0VGlwC5HdRArvcriWE0H91m5sFV/qgSjDkwXk8PA=="
    }
  }
}
