{
  "name": "icanloadjs",
  "version": "1.1.0",
  "lockfileVersion": 3,
  "requires": true,
  "packages": {
    "": {
      "name": "icanloadjs",
      "version": "1.1.0",
      "license": "ISC",
      "dependencies": {
        "icanloadjs": "^1.1.0"
      }
    },
    "node_modules/icanloadjs": {
      "version": "1.1.0",
      "resolved": "https://registry.npmjs.org/icanloadjs/-/icanloadjs-1.1.0.tgz",
      "integrity": "sha512-/cVYuMzh5w2pZtwflDm/Pa9nf8/ges1xW8iLZc/vaeY/XS9J2eA3QHu6axX1J7P+Rn8m68RrzKBox4OQruIyuQ==",
      "dependencies": {
        "icanloadjs": "^1.0.10"
      }
    }
  }
}
